
Microsoft Visual Studio Solution File, Format Version 12.00
# Visual Studio Version 16
VisualStudioVersion = 16.0.30517.126
MinimumVisualStudioVersion = 10.0.40219.1
Project("{9A19103F-16F7-4668-BE54-9A1E7A4F7556}") = "asp.net_core_mvc_sample_webapp", "asp.net_core_mvc_webapp_sample\asp.net_core_mvc_sample_webapp.csproj", "{BA87E09B-CEAF-4B20-AE54-B2824EDCB737}"
EndProject
Global
	GlobalSection(SolutionConfigurationPlatforms) = preSolution
		Debug|Any CPU = Debug|Any CPU
		Release|Any CPU = Release|Any CPU
	EndGlobalSection
	GlobalSection(ProjectConfigurationPlatforms) = postSolution
		{BA87E09B-CEAF-4B20-AE54-B2824EDCB737}.Debug|Any CPU.ActiveCfg = Debug|Any CPU
		{BA87E09B-CEAF-4B20-AE54-B2824EDCB737}.Debug|Any CPU.Build.0 = Debug|Any CPU
		{BA87E09B-CEAF-4B20-AE54-B2824EDCB737}.Release|Any CPU.ActiveCfg = Release|Any CPU
		{BA87E09B-CEAF-4B20-AE54-B2824EDCB737}.Release|Any CPU.Build.0 = Release|Any CPU
	EndGlobalSection
	GlobalSection(SolutionProperties) = preSolution
		HideSolutionNode = FALSE
	EndGlobalSection
	GlobalSection(ExtensibilityGlobals) = postSolution
		SolutionGuid = {3617B77F-AAAA-459C-A449-27DAFD4F59C3}
	EndGlobalSection
EndGlobal
